
Microsoft Visual Studio Solution File, Format Version 12.00
# Visual Studio Version 16
VisualStudioVersion = 16.0.31410.357
MinimumVisualStudioVersion = 10.0.40219.1
Project("{2150E333-8FDC-42A3-9474-1A3956D46DE8}") = "HelloWorld", "HelloWorld", "{CB677275-42F0-4277-B208-66F4562C324E}"
EndProject
Project("{9A19103F-16F7-4668-BE54-9A1E7A4F7556}") = "Beam.Shared", "Beam.Shared\Beam.Shared.csproj", "{BAFFE116-04E6-47B6-A7E5-D605D245B638}"
EndProject
Project("{9A19103F-16F7-4668-BE54-9A1E7A4F7556}") = "Beam.Data", "Beam.Data\Beam.Data.csproj", "{59A049A4-1AFA-4ACB-A7B1-156B5A84511F}"
EndProject
Project("{9A19103F-16F7-4668-BE54-9A1E7A4F7556}") = "Beam.Server", "Beam.Server\Beam.Server.csproj", "{9EFEDE67-20AE-4B60-9749-784E83EA1459}"
EndProject
Project("{9A19103F-16F7-4668-BE54-9A1E7A4F7556}") = "Beam.Client", "Beam.Client\Beam.Client.csproj", "{6AA19C0D-FDA1-4D8A-8FCC-F8EC97A7B09A}"
EndProject
Project("{FAE04EC0-301F-11D3-BF4B-00C04F79EFBC}") = "HelloWorld.Server", "HelloWorld\Server\HelloWorld.Server.csproj", "{88F3DB90-14B6-4353-A461-E9D598CF3BD9}"
EndProject
Project("{FAE04EC0-301F-11D3-BF4B-00C04F79EFBC}") = "HelloWorld.Client", "HelloWorld\Client\HelloWorld.Client.csproj", "{A43273A3-804C-416D-AE3D-E04E7F32DEF7}"
EndProject
Project("{FAE04EC0-301F-11D3-BF4B-00C04F79EFBC}") = "HelloWorld.Shared", "HelloWorld\Shared\HelloWorld.Shared.csproj", "{9F3ED728-C3FE-4DF1-967C-06BD9C95727E}"
EndProject
Global
	GlobalSection(SolutionConfigurationPlatforms) = preSolution
		Debug|Any CPU = Debug|Any CPU
		Release|Any CPU = Release|Any CPU
	EndGlobalSection
	GlobalSection(ProjectConfigurationPlatforms) = postSolution
		{BAFFE116-04E6-47B6-A7E5-D605D245B638}.Debug|Any CPU.ActiveCfg = Debug|Any CPU
		{BAFFE116-04E6-47B6-A7E5-D605D245B638}.Debug|Any CPU.Build.0 = Debug|Any CPU
		{BAFFE116-04E6-47B6-A7E5-D605D245B638}.Release|Any CPU.ActiveCfg = Release|Any CPU
		{BAFFE116-04E6-47B6-A7E5-D605D245B638}.Release|Any CPU.Build.0 = Release|Any CPU
		{59A049A4-1AFA-4ACB-A7B1-156B5A84511F}.Debug|Any CPU.ActiveCfg = Debug|Any CPU
		{59A049A4-1AFA-4ACB-A7B1-156B5A84511F}.Debug|Any CPU.Build.0 = Debug|Any CPU
		{59A049A4-1AFA-4ACB-A7B1-156B5A84511F}.Release|Any CPU.ActiveCfg = Release|Any CPU
		{59A049A4-1AFA-4ACB-A7B1-156B5A84511F}.Release|Any CPU.Build.0 = Release|Any CPU
		{9EFEDE67-20AE-4B60-9749-784E83EA1459}.Debug|Any CPU.ActiveCfg = Debug|Any CPU
		{9EFEDE67-20AE-4B60-9749-784E83EA1459}.Debug|Any CPU.Build.0 = Debug|Any CPU
		{9EFEDE67-20AE-4B60-9749-784E83EA1459}.Release|Any CPU.ActiveCfg = Release|Any CPU
		{9EFEDE67-20AE-4B60-9749-784E83EA1459}.Release|Any CPU.Build.0 = Release|Any CPU
		{6AA19C0D-FDA1-4D8A-8FCC-F8EC97A7B09A}.Debug|Any CPU.ActiveCfg = Debug|Any CPU
		{6AA19C0D-FDA1-4D8A-8FCC-F8EC97A7B09A}.Debug|Any CPU.Build.0 = Debug|Any CPU
		{6AA19C0D-FDA1-4D8A-8FCC-F8EC97A7B09A}.Release|Any CPU.ActiveCfg = Release|Any CPU
		{6AA19C0D-FDA1-4D8A-8FCC-F8EC97A7B09A}.Release|Any CPU.Build.0 = Release|Any CPU
		{88F3DB90-14B6-4353-A461-E9D598CF3BD9}.Debug|Any CPU.ActiveCfg = Debug|Any CPU
		{88F3DB90-14B6-4353-A461-E9D598CF3BD9}.Debug|Any CPU.Build.0 = Debug|Any CPU
		{88F3DB90-14B6-4353-A461-E9D598CF3BD9}.Release|Any CPU.ActiveCfg = Release|Any CPU
		{88F3DB90-14B6-4353-A461-E9D598CF3BD9}.Release|Any CPU.Build.0 = Release|Any CPU
		{A43273A3-804C-416D-AE3D-E04E7F32DEF7}.Debug|Any CPU.ActiveCfg = Debug|Any CPU
		{A43273A3-804C-416D-AE3D-E04E7F32DEF7}.Debug|Any CPU.Build.0 = Debug|Any CPU
		{A43273A3-804C-416D-AE3D-E04E7F32DEF7}.Release|Any CPU.ActiveCfg = Release|Any CPU
		{A43273A3-804C-416D-AE3D-E04E7F32DEF7}.Release|Any CPU.Build.0 = Release|Any CPU
		{9F3ED728-C3FE-4DF1-967C-06BD9C95727E}.Debug|Any CPU.ActiveCfg = Debug|Any CPU
		{9F3ED728-C3FE-4DF1-967C-06BD9C95727E}.Debug|Any CPU.Build.0 = Debug|Any CPU
		{9F3ED728-C3FE-4DF1-967C-06BD9C95727E}.Release|Any CPU.ActiveCfg = Release|Any CPU
		{9F3ED728-C3FE-4DF1-967C-06BD9C95727E}.Release|Any CPU.Build.0 = Release|Any CPU
	EndGlobalSection
	GlobalSection(SolutionProperties) = preSolution
		HideSolutionNode = FALSE
	EndGlobalSection
	GlobalSection(NestedProjects) = preSolution
		{88F3DB90-14B6-4353-A461-E9D598CF3BD9} = {CB677275-42F0-4277-B208-66F4562C324E}
		{A43273A3-804C-416D-AE3D-E04E7F32DEF7} = {CB677275-42F0-4277-B208-66F4562C324E}
		{9F3ED728-C3FE-4DF1-967C-06BD9C95727E} = {CB677275-42F0-4277-B208-66F4562C324E}
	EndGlobalSection
	GlobalSection(ExtensibilityGlobals) = postSolution
		SolutionGuid = {DD62BAE6-A557-42BF-9D08-9681CA356A6C}
	EndGlobalSection
EndGlobal
